
Microsoft Visual Studio Solution File, Format Version 12.00
# Visual Studio Version 17
VisualStudioVersion = 17.13.35806.99 d17.13
MinimumVisualStudioVersion = 10.0.40219.1
Project("{FAE04EC0-301F-11D3-BF4B-00C04F79EFBC}") = "MusicRecognitionProject", "MusicRecognitionProject\MusicRecognitionProject.csproj", "{108B09CB-EA0F-49A2-8F28-7FDCA20206AA}"
EndProject
Global
	GlobalSection(SolutionConfigurationPlatforms) = preSolution
		Debug|Any CPU = Debug|Any CPU
		Release|Any CPU = Release|Any CPU
	EndGlobalSection
	GlobalSection(ProjectConfigurationPlatforms) = postSolution
		{108B09CB-EA0F-49A2-8F28-7FDCA20206AA}.Debug|Any CPU.ActiveCfg = Debug|Any CPU
		{108B09CB-EA0F-49A2-8F28-7FDCA20206AA}.Debug|Any CPU.Build.0 = Debug|Any CPU
		{108B09CB-EA0F-49A2-8F28-7FDCA20206AA}.Release|Any CPU.ActiveCfg = Release|Any CPU
		{108B09CB-EA0F-49A2-8F28-7FDCA20206AA}.Release|Any CPU.Build.0 = Release|Any CPU
	EndGlobalSection
	GlobalSection(SolutionProperties) = preSolution
		HideSolutionNode = FALSE
	EndGlobalSection
	GlobalSection(ExtensibilityGlobals) = postSolution
		SolutionGuid = {AD2058AC-92ED-437B-A25C-97C0AA4C59DD}
	EndGlobalSection
EndGlobal
